
Microsoft Visual Studio Solution File, Format Version 12.00
# Visual Studio Version 17
VisualStudioVersion = 17.4.33213.308
MinimumVisualStudioVersion = 10.0.40219.1
Project("{FAE04EC0-301F-11D3-BF4B-00C04F79EFBC}") = "BlogSF", "BlogSF.csproj", "{4BE2012F-CAF9-4C25-ADC6-89C35F2876FF}"
EndProject
Global
	GlobalSection(SolutionConfigurationPlatforms) = preSolution
		Debug|Any CPU = Debug|Any CPU
		Release|Any CPU = Release|Any CPU
	EndGlobalSection
	GlobalSection(ProjectConfigurationPlatforms) = postSolution
		{4BE2012F-CAF9-4C25-ADC6-89C35F2876FF}.Debug|Any CPU.ActiveCfg = Debug|Any CPU
		{4BE2012F-CAF9-4C25-ADC6-89C35F2876FF}.Debug|Any CPU.Build.0 = Debug|Any CPU
		{4BE2012F-CAF9-4C25-ADC6-89C35F2876FF}.Release|Any CPU.ActiveCfg = Release|Any CPU
		{4BE2012F-CAF9-4C25-ADC6-89C35F2876FF}.Release|Any CPU.Build.0 = Release|Any CPU
	EndGlobalSection
	GlobalSection(SolutionProperties) = preSolution
		HideSolutionNode = FALSE
	EndGlobalSection
	GlobalSection(ExtensibilityGlobals) = postSolution
		SolutionGuid = {2614EF41-A131-4C6F-A9AB-5F2CD70C6198}
	EndGlobalSection
EndGlobal
